
Microsoft Visual Studio Solution File, Format Version 12.00
# Visual Studio Version 16
VisualStudioVersion = 16.0.29613.14
MinimumVisualStudioVersion = 10.0.40219.1
Project("{FAE04EC0-301F-11D3-BF4B-00C04F79EFBC}") = "XamaFormsOfficialCv.Android", "XamaFormsOfficialCv\XamaFormsOfficialCv.Android\XamaFormsOfficialCv.Android.csproj", "{663B2886-482C-4B78-9BB8-48D6D68375A7}"
EndProject
Project("{9A19103F-16F7-4668-BE54-9A1E7A4F7556}") = "XamaFormsOfficialCv", "XamaFormsOfficialCv\XamaFormsOfficialCv\XamaFormsOfficialCv.csproj", "{4612E35B-232F-4D59-ADBB-3F36E87CFE71}"
EndProject
Project("{8BC9CEB8-8B4A-11D0-8D11-00A0C91BC942}") = "NativeOpenCv", "NativeOpenCv\NativeOpenCv.vcxproj", "{F6AB3F15-EF76-4A87-ABF0-7805CDD548F7}"
EndProject
Project("{2150E333-8FDC-42A3-9474-1A3956D46DE8}") = "Image", "Image", "{4C7125EC-12CC-42D6-A16F-C2CAEEFCD828}"
	ProjectSection(SolutionItems) = preProject
		Image\add_opencv.png = Image\add_opencv.png
		Image\add_opencv_lib.png = Image\add_opencv_lib.png
		Image\include_opencv.png = Image\include_opencv.png
		Image\lib_path.png = Image\lib_path.png
		Image\lib_setting.png = Image\lib_setting.png
		Image\lib_setting_stl.png = Image\lib_setting_stl.png
		Image\native_project.png = Image\native_project.png
		Image\opencv_release.png = Image\opencv_release.png
		Image\xamarin_project.png = Image\xamarin_project.png
	EndProjectSection
EndProject
Global
	GlobalSection(SolutionConfigurationPlatforms) = preSolution
		Debug|Any CPU = Debug|Any CPU
		Debug|ARM = Debug|ARM
		Debug|ARM64 = Debug|ARM64
		Debug|x64 = Debug|x64
		Debug|x86 = Debug|x86
		Release|Any CPU = Release|Any CPU
		Release|ARM = Release|ARM
		Release|ARM64 = Release|ARM64
		Release|x64 = Release|x64
		Release|x86 = Release|x86
	EndGlobalSection
	GlobalSection(ProjectConfigurationPlatforms) = postSolution
		{663B2886-482C-4B78-9BB8-48D6D68375A7}.Debug|Any CPU.ActiveCfg = Debug|Any CPU
		{663B2886-482C-4B78-9BB8-48D6D68375A7}.Debug|Any CPU.Build.0 = Debug|Any CPU
		{663B2886-482C-4B78-9BB8-48D6D68375A7}.Debug|Any CPU.Deploy.0 = Debug|Any CPU
		{663B2886-482C-4B78-9BB8-48D6D68375A7}.Debug|ARM.ActiveCfg = Debug|Any CPU
		{663B2886-482C-4B78-9BB8-48D6D68375A7}.Debug|ARM.Build.0 = Debug|Any CPU
		{663B2886-482C-4B78-9BB8-48D6D68375A7}.Debug|ARM.Deploy.0 = Debug|Any CPU
		{663B2886-482C-4B78-9BB8-48D6D68375A7}.Debug|ARM64.ActiveCfg = Debug|Any CPU
		{663B2886-482C-4B78-9BB8-48D6D68375A7}.Debug|ARM64.Build.0 = Debug|Any CPU
		{663B2886-482C-4B78-9BB8-48D6D68375A7}.Debug|ARM64.Deploy.0 = Debug|Any CPU
		{663B2886-482C-4B78-9BB8-48D6D68375A7}.Debug|x64.ActiveCfg = Debug|Any CPU
		{663B2886-482C-4B78-9BB8-48D6D68375A7}.Debug|x64.Build.0 = Debug|Any CPU
		{663B2886-482C-4B78-9BB8-48D6D68375A7}.Debug|x64.Deploy.0 = Debug|Any CPU
		{663B2886-482C-4B78-9BB8-48D6D68375A7}.Debug|x86.ActiveCfg = Debug|Any CPU
		{663B2886-482C-4B78-9BB8-48D6D68375A7}.Debug|x86.Build.0 = Debug|Any CPU
		{663B2886-482C-4B78-9BB8-48D6D68375A7}.Debug|x86.Deploy.0 = Debug|Any CPU
		{663B2886-482C-4B78-9BB8-48D6D68375A7}.Release|Any CPU.ActiveCfg = Release|Any CPU
		{663B2886-482C-4B78-9BB8-48D6D68375A7}.Release|Any CPU.Build.0 = Release|Any CPU
		{663B2886-482C-4B78-9BB8-48D6D68375A7}.Release|Any CPU.Deploy.0 = Release|Any CPU
		{663B2886-482C-4B78-9BB8-48D6D68375A7}.Release|ARM.ActiveCfg = Release|Any CPU
		{663B2886-482C-4B78-9BB8-48D6D68375A7}.Release|ARM.Build.0 = Release|Any CPU
		{663B2886-482C-4B78-9BB8-48D6D68375A7}.Release|ARM.Deploy.0 = Release|Any CPU
		{663B2886-482C-4B78-9BB8-48D6D68375A7}.Release|ARM64.ActiveCfg = Release|Any CPU
		{663B2886-482C-4B78-9BB8-48D6D68375A7}.Release|ARM64.Build.0 = Release|Any CPU
		{663B2886-482C-4B78-9BB8-48D6D68375A7}.Release|ARM64.Deploy.0 = Release|Any CPU
		{663B2886-482C-4B78-9BB8-48D6D68375A7}.Release|x64.ActiveCfg = Release|Any CPU
		{663B2886-482C-4B78-9BB8-48D6D68375A7}.Release|x64.Build.0 = Release|Any CPU
		{663B2886-482C-4B78-9BB8-48D6D68375A7}.Release|x64.Deploy.0 = Release|Any CPU
		{663B2886-482C-4B78-9BB8-48D6D68375A7}.Release|x86.ActiveCfg = Release|Any CPU
		{663B2886-482C-4B78-9BB8-48D6D68375A7}.Release|x86.Build.0 = Release|Any CPU
		{663B2886-482C-4B78-9BB8-48D6D68375A7}.Release|x86.Deploy.0 = Release|Any CPU
		{4612E35B-232F-4D59-ADBB-3F36E87CFE71}.Debug|Any CPU.ActiveCfg = Debug|Any CPU
		{4612E35B-232F-4D59-ADBB-3F36E87CFE71}.Debug|Any CPU.Build.0 = Debug|Any CPU
		{4612E35B-232F-4D59-ADBB-3F36E87CFE71}.Debug|ARM.ActiveCfg = Debug|Any CPU
		{4612E35B-232F-4D59-ADBB-3F36E87CFE71}.Debug|ARM.Build.0 = Debug|Any CPU
		{4612E35B-232F-4D59-ADBB-3F36E87CFE71}.Debug|ARM64.ActiveCfg = Debug|Any CPU
		{4612E35B-232F-4D59-ADBB-3F36E87CFE71}.Debug|ARM64.Build.0 = Debug|Any CPU
		{4612E35B-232F-4D59-ADBB-3F36E87CFE71}.Debug|x64.ActiveCfg = Debug|Any CPU
		{4612E35B-232F-4D59-ADBB-3F36E87CFE71}.Debug|x64.Build.0 = Debug|Any CPU
		{4612E35B-232F-4D59-ADBB-3F36E87CFE71}.Debug|x86.ActiveCfg = Debug|Any CPU
		{4612E35B-232F-4D59-ADBB-3F36E87CFE71}.Debug|x86.Build.0 = Debug|Any CPU
		{4612E35B-232F-4D59-ADBB-3F36E87CFE71}.Release|Any CPU.ActiveCfg = Release|Any CPU
		{4612E35B-232F-4D59-ADBB-3F36E87CFE71}.Release|Any CPU.Build.0 = Release|Any CPU
		{4612E35B-232F-4D59-ADBB-3F36E87CFE71}.Release|ARM.ActiveCfg = Release|Any CPU
		{4612E35B-232F-4D59-ADBB-3F36E87CFE71}.Release|ARM.Build.0 = Release|Any CPU
		{4612E35B-232F-4D59-ADBB-3F36E87CFE71}.Release|ARM64.ActiveCfg = Release|Any CPU
		{4612E35B-232F-4D59-ADBB-3F36E87CFE71}.Release|ARM64.Build.0 = Release|Any CPU
		{4612E35B-232F-4D59-ADBB-3F36E87CFE71}.Release|x64.ActiveCfg = Release|Any CPU
		{4612E35B-232F-4D59-ADBB-3F36E87CFE71}.Release|x64.Build.0 = Release|Any CPU
		{4612E35B-232F-4D59-ADBB-3F36E87CFE71}.Release|x86.ActiveCfg = Release|Any CPU
		{4612E35B-232F-4D59-ADBB-3F36E87CFE71}.Release|x86.Build.0 = Release|Any CPU
		{F6AB3F15-EF76-4A87-ABF0-7805CDD548F7}.Debug|Any CPU.ActiveCfg = Debug|x86
		{F6AB3F15-EF76-4A87-ABF0-7805CDD548F7}.Debug|ARM.ActiveCfg = Debug|ARM
		{F6AB3F15-EF76-4A87-ABF0-7805CDD548F7}.Debug|ARM.Build.0 = Debug|ARM
		{F6AB3F15-EF76-4A87-ABF0-7805CDD548F7}.Debug|ARM64.ActiveCfg = Debug|ARM64
		{F6AB3F15-EF76-4A87-ABF0-7805CDD548F7}.Debug|ARM64.Build.0 = Debug|ARM64
		{F6AB3F15-EF76-4A87-ABF0-7805CDD548F7}.Debug|x64.ActiveCfg = Debug|x64
		{F6AB3F15-EF76-4A87-ABF0-7805CDD548F7}.Debug|x64.Build.0 = Debug|x64
		{F6AB3F15-EF76-4A87-ABF0-7805CDD548F7}.Debug|x86.ActiveCfg = Debug|x86
		{F6AB3F15-EF76-4A87-ABF0-7805CDD548F7}.Debug|x86.Build.0 = Debug|x86
		{F6AB3F15-EF76-4A87-ABF0-7805CDD548F7}.Release|Any CPU.ActiveCfg = Release|x86
		{F6AB3F15-EF76-4A87-ABF0-7805CDD548F7}.Release|ARM.ActiveCfg = Release|ARM
		{F6AB3F15-EF76-4A87-ABF0-7805CDD548F7}.Release|ARM.Build.0 = Release|ARM
		{F6AB3F15-EF76-4A87-ABF0-7805CDD548F7}.Release|ARM64.ActiveCfg = Release|ARM64
		{F6AB3F15-EF76-4A87-ABF0-7805CDD548F7}.Release|ARM64.Build.0 = Release|ARM64
		{F6AB3F15-EF76-4A87-ABF0-7805CDD548F7}.Release|x64.ActiveCfg = Release|x64
		{F6AB3F15-EF76-4A87-ABF0-7805CDD548F7}.Release|x64.Build.0 = Release|x64
		{F6AB3F15-EF76-4A87-ABF0-7805CDD548F7}.Release|x86.ActiveCfg = Release|x86
		{F6AB3F15-EF76-4A87-ABF0-7805CDD548F7}.Release|x86.Build.0 = Release|x86
	EndGlobalSection
	GlobalSection(SolutionProperties) = preSolution
		HideSolutionNode = FALSE
	EndGlobalSection
	GlobalSection(ExtensibilityGlobals) = postSolution
		SolutionGuid = {C6513BE8-87D8-4DA6-A571-9D1AC6F7E1B6}
	EndGlobalSection
EndGlobal
